
Microsoft Visual Studio Solution File, Format Version 12.00
# Visual Studio 15
VisualStudioVersion = 15.0.28307.489
MinimumVisualStudioVersion = 10.0.40219.1
Project("{9A19103F-16F7-4668-BE54-9A1E7A4F7556}") = "SistemaSolar", "SistemaSolar\SistemaSolar.csproj", "{373A310A-2F16-4BCA-B33F-07093675F2D5}"
EndProject
Project("{9A19103F-16F7-4668-BE54-9A1E7A4F7556}") = "Contracts", "Contracts\Contracts.csproj", "{5C59319F-8B0A-4480-A841-61DF38CBE134}"
EndProject
Project("{9A19103F-16F7-4668-BE54-9A1E7A4F7556}") = "Entities", "Entities\Entities.csproj", "{318ED246-2667-4732-81E8-E312D7C654FC}"
EndProject
Project("{9A19103F-16F7-4668-BE54-9A1E7A4F7556}") = "Repository", "Repository\Repository.csproj", "{0CF18003-EA0C-461F-ADB0-4675E7B3C141}"
EndProject
Project("{9A19103F-16F7-4668-BE54-9A1E7A4F7556}") = "Services", "Services\Services.csproj", "{E1D2157E-4372-450C-8938-94CFBE5CE376}"
EndProject
Project("{FAE04EC0-301F-11D3-BF4B-00C04F79EFBC}") = "SistemaSolar.Test", "SistemaSolar.Test\SistemaSolar.Test.csproj", "{E4BDA172-241D-4ED9-B11C-1B9E7304F2DF}"
EndProject
Global
	GlobalSection(SolutionConfigurationPlatforms) = preSolution
		Debug|Any CPU = Debug|Any CPU
		Release|Any CPU = Release|Any CPU
	EndGlobalSection
	GlobalSection(ProjectConfigurationPlatforms) = postSolution
		{373A310A-2F16-4BCA-B33F-07093675F2D5}.Debug|Any CPU.ActiveCfg = Debug|Any CPU
		{373A310A-2F16-4BCA-B33F-07093675F2D5}.Debug|Any CPU.Build.0 = Debug|Any CPU
		{373A310A-2F16-4BCA-B33F-07093675F2D5}.Release|Any CPU.ActiveCfg = Release|Any CPU
		{373A310A-2F16-4BCA-B33F-07093675F2D5}.Release|Any CPU.Build.0 = Release|Any CPU
		{5C59319F-8B0A-4480-A841-61DF38CBE134}.Debug|Any CPU.ActiveCfg = Debug|Any CPU
		{5C59319F-8B0A-4480-A841-61DF38CBE134}.Debug|Any CPU.Build.0 = Debug|Any CPU
		{5C59319F-8B0A-4480-A841-61DF38CBE134}.Release|Any CPU.ActiveCfg = Release|Any CPU
		{5C59319F-8B0A-4480-A841-61DF38CBE134}.Release|Any CPU.Build.0 = Release|Any CPU
		{318ED246-2667-4732-81E8-E312D7C654FC}.Debug|Any CPU.ActiveCfg = Debug|Any CPU
		{318ED246-2667-4732-81E8-E312D7C654FC}.Debug|Any CPU.Build.0 = Debug|Any CPU
		{318ED246-2667-4732-81E8-E312D7C654FC}.Release|Any CPU.ActiveCfg = Release|Any CPU
		{318ED246-2667-4732-81E8-E312D7C654FC}.Release|Any CPU.Build.0 = Release|Any CPU
		{0CF18003-EA0C-461F-ADB0-4675E7B3C141}.Debug|Any CPU.ActiveCfg = Debug|Any CPU
		{0CF18003-EA0C-461F-ADB0-4675E7B3C141}.Debug|Any CPU.Build.0 = Debug|Any CPU
		{0CF18003-EA0C-461F-ADB0-4675E7B3C141}.Release|Any CPU.ActiveCfg = Release|Any CPU
		{0CF18003-EA0C-461F-ADB0-4675E7B3C141}.Release|Any CPU.Build.0 = Release|Any CPU
		{E1D2157E-4372-450C-8938-94CFBE5CE376}.Debug|Any CPU.ActiveCfg = Debug|Any CPU
		{E1D2157E-4372-450C-8938-94CFBE5CE376}.Debug|Any CPU.Build.0 = Debug|Any CPU
		{E1D2157E-4372-450C-8938-94CFBE5CE376}.Release|Any CPU.ActiveCfg = Release|Any CPU
		{E1D2157E-4372-450C-8938-94CFBE5CE376}.Release|Any CPU.Build.0 = Release|Any CPU
		{E4BDA172-241D-4ED9-B11C-1B9E7304F2DF}.Debug|Any CPU.ActiveCfg = Debug|Any CPU
		{E4BDA172-241D-4ED9-B11C-1B9E7304F2DF}.Debug|Any CPU.Build.0 = Debug|Any CPU
		{E4BDA172-241D-4ED9-B11C-1B9E7304F2DF}.Release|Any CPU.ActiveCfg = Release|Any CPU
		{E4BDA172-241D-4ED9-B11C-1B9E7304F2DF}.Release|Any CPU.Build.0 = Release|Any CPU
	EndGlobalSection
	GlobalSection(SolutionProperties) = preSolution
		HideSolutionNode = FALSE
	EndGlobalSection
	GlobalSection(ExtensibilityGlobals) = postSolution
		SolutionGuid = {F7A7305B-C7E0-4CED-9467-3013C34821AC}
	EndGlobalSection
EndGlobal
